
Microsoft Visual Studio Solution File, Format Version 12.00
# Visual Studio Version 17
VisualStudioVersion = 17.14.36301.6 d17.14
MinimumVisualStudioVersion = 10.0.40219.1
Project("{FAE04EC0-301F-11D3-BF4B-00C04F79EFBC}") = "TodoApp", "TodoApp\TodoApp.csproj", "{970870C4-5C5D-4F85-A700-8C91384B19AD}"
EndProject
Global
	GlobalSection(SolutionConfigurationPlatforms) = preSolution
		Debug|Any CPU = Debug|Any CPU
		Release|Any CPU = Release|Any CPU
	EndGlobalSection
	GlobalSection(ProjectConfigurationPlatforms) = postSolution
		{970870C4-5C5D-4F85-A700-8C91384B19AD}.Debug|Any CPU.ActiveCfg = Debug|Any CPU
		{970870C4-5C5D-4F85-A700-8C91384B19AD}.Debug|Any CPU.Build.0 = Debug|Any CPU
		{970870C4-5C5D-4F85-A700-8C91384B19AD}.Release|Any CPU.ActiveCfg = Release|Any CPU
		{970870C4-5C5D-4F85-A700-8C91384B19AD}.Release|Any CPU.Build.0 = Release|Any CPU
	EndGlobalSection
	GlobalSection(SolutionProperties) = preSolution
		HideSolutionNode = FALSE
	EndGlobalSection
	GlobalSection(ExtensibilityGlobals) = postSolution
		SolutionGuid = {E8E22838-6512-4323-816A-D4EAD14227EE}
	EndGlobalSection
EndGlobal
